{
  "name": "claude-trans",
  "version": "0.1.3",
  "lockfileVersion": 3,
  "requires": true,
  "packages": {
    "": {
      "name": "claude-trans",
      "version": "0.1.3",
      "license": "MIT",
      "bin": {
        "claude-trans": "bin/cli.cjs",
        "cts": "bin/cli.cjs"
      },
      "engines": {
        "node": ">=18.0.0"
      }
    }
  }
}
